
Microsoft Visual Studio Solution File, Format Version 12.00
# Visual Studio Version 17
VisualStudioVersion = 17.14.36203.30 d17.14
MinimumVisualStudioVersion = 10.0.40219.1
Project("{8BC9CEB8-8B4A-11D0-8D11-00A0C91BC942}") = "OOP_Arlachev_Alexey", "OOP_Arlachev_Alexey.vcxproj", "{4632AFE7-7F2A-47DD-9E16-4DC318532BE6}"
EndProject
Global
	GlobalSection(SolutionConfigurationPlatforms) = preSolution
		Debug|x64 = Debug|x64
		Debug|x86 = Debug|x86
		Release|x64 = Release|x64
		Release|x86 = Release|x86
	EndGlobalSection
	GlobalSection(ProjectConfigurationPlatforms) = postSolution
		{4632AFE7-7F2A-47DD-9E16-4DC318532BE6}.Debug|x64.ActiveCfg = Debug|x64
		{4632AFE7-7F2A-47DD-9E16-4DC318532BE6}.Debug|x64.Build.0 = Debug|x64
		{4632AFE7-7F2A-47DD-9E16-4DC318532BE6}.Debug|x86.ActiveCfg = Debug|Win32
		{4632AFE7-7F2A-47DD-9E16-4DC318532BE6}.Debug|x86.Build.0 = Debug|Win32
		{4632AFE7-7F2A-47DD-9E16-4DC318532BE6}.Release|x64.ActiveCfg = Release|x64
		{4632AFE7-7F2A-47DD-9E16-4DC318532BE6}.Release|x64.Build.0 = Release|x64
		{4632AFE7-7F2A-47DD-9E16-4DC318532BE6}.Release|x86.ActiveCfg = Release|Win32
		{4632AFE7-7F2A-47DD-9E16-4DC318532BE6}.Release|x86.Build.0 = Release|Win32
	EndGlobalSection
	GlobalSection(SolutionProperties) = preSolution
		HideSolutionNode = FALSE
	EndGlobalSection
	GlobalSection(ExtensibilityGlobals) = postSolution
		SolutionGuid = {0699AF85-9C01-4036-AA44-241B4E3A5428}
	EndGlobalSection
EndGlobal
